// !$*UTF8*$!
{
	archiveVersion = 1;
	classes = {
	};
	objectVersion = 46;
	objects = {

/* Begin PBXBuildFile section */
		2507907B138D33AB00B30D99 /* NSObject+JSON.m in Sources */ = {isa = PBXBuildFile; fileRef = 25079063138D33AB00B30D99 /* NSObject+JSON.m */; };
		2507907C138D33AB00B30D99 /* SBJsonParser.m in Sources */ = {isa = PBXBuildFile; fileRef = 25079066138D33AB00B30D99 /* SBJsonParser.m */; };
		2507907D138D33AB00B30D99 /* SBJsonStreamParser.m in Sources */ = {isa = PBXBuildFile; fileRef = 25079068138D33AB00B30D99 /* SBJsonStreamParser.m */; };
		2507907E138D33AB00B30D99 /* SBJsonStreamParserAccumulator.m in Sources */ = {isa = PBXBuildFile; fileRef = 2507906A138D33AB00B30D99 /* SBJsonStreamParserAccumulator.m */; };
		2507907F138D33AB00B30D99 /* SBJsonStreamParserAdapter.m in Sources */ = {isa = PBXBuildFile; fileRef = 2507906C138D33AB00B30D99 /* SBJsonStreamParserAdapter.m */; };
		25079080138D33AB00B30D99 /* SBJsonStreamParserState.m in Sources */ = {isa = PBXBuildFile; fileRef = 2507906E138D33AB00B30D99 /* SBJsonStreamParserState.m */; };
		25079081138D33AB00B30D99 /* SBJsonStreamWriter.m in Sources */ = {isa = PBXBuildFile; fileRef = 25079070138D33AB00B30D99 /* SBJsonStreamWriter.m */; };
		25079082138D33AB00B30D99 /* SBJsonStreamWriterAccumulator.m in Sources */ = {isa = PBXBuildFile; fileRef = 25079072138D33AB00B30D99 /* SBJsonStreamWriterAccumulator.m */; };
		25079083138D33AB00B30D99 /* SBJsonStreamWriterState.m in Sources */ = {isa = PBXBuildFile; fileRef = 25079074138D33AB00B30D99 /* SBJsonStreamWriterState.m */; };
		25079084138D33AB00B30D99 /* SBJsonTokeniser.m in Sources */ = {isa = PBXBuildFile; fileRef = 25079076138D33AB00B30D99 /* SBJsonTokeniser.m */; };
		25079085138D33AB00B30D99 /* SBJsonWriter.m in Sources */ = {isa = PBXBuildFile; fileRef = 25079078138D33AB00B30D99 /* SBJsonWriter.m */; };
		25079086138D33AB00B30D99 /* SBUTF8Stream.m in Sources */ = {isa = PBXBuildFile; fileRef = 2507907A138D33AB00B30D99 /* SBUTF8Stream.m */; };
		2517DB03138D4425002EF157 /* video-file-type-icon.png in Resources */ = {isa = PBXBuildFile; fileRef = 2517DB02138D4425002EF157 /* video-file-type-icon.png */; };
		2517DB06138D4A1E002EF157 /* MCVideoListCell2.xib in Resources */ = {isa = PBXBuildFile; fileRef = 2517DB05138D4A1E002EF157 /* MCVideoListCell2.xib */; };
		251D0CE71377CE2300E423A4 /* UIKit.framework in Frameworks */ = {isa = PBXBuildFile; fileRef = 251D0CE61377CE2300E423A4 /* UIKit.framework */; };
		251D0CE91377CE2300E423A4 /* Foundation.framework in Frameworks */ = {isa = PBXBuildFile; fileRef = 251D0CE81377CE2300E423A4 /* Foundation.framework */; };
		251D0CEB1377CE2300E423A4 /* CoreGraphics.framework in Frameworks */ = {isa = PBXBuildFile; fileRef = 251D0CEA1377CE2300E423A4 /* CoreGraphics.framework */; };
		251D0CF11377CE2300E423A4 /* InfoPlist.strings in Resources */ = {isa = PBXBuildFile; fileRef = 251D0CEF1377CE2300E423A4 /* InfoPlist.strings */; };
		251D0CF41377CE2300E423A4 /* main.m in Sources */ = {isa = PBXBuildFile; fileRef = 251D0CF31377CE2300E423A4 /* main.m */; };
		251D0CF71377CE2300E423A4 /* CloudImageProcessingAppDelegate.m in Sources */ = {isa = PBXBuildFile; fileRef = 251D0CF61377CE2300E423A4 /* CloudImageProcessingAppDelegate.m */; };
		251D0CFA1377CE2300E423A4 /* MainWindow.xib in Resources */ = {isa = PBXBuildFile; fileRef = 251D0CF81377CE2300E423A4 /* MainWindow.xib */; };
		251D0D011377CE2300E423A4 /* UIKit.framework in Frameworks */ = {isa = PBXBuildFile; fileRef = 251D0CE61377CE2300E423A4 /* UIKit.framework */; };
		251D0D021377CE2300E423A4 /* Foundation.framework in Frameworks */ = {isa = PBXBuildFile; fileRef = 251D0CE81377CE2300E423A4 /* Foundation.framework */; };
		251D0D031377CE2300E423A4 /* CoreGraphics.framework in Frameworks */ = {isa = PBXBuildFile; fileRef = 251D0CEA1377CE2300E423A4 /* CoreGraphics.framework */; };
		251D0D0B1377CE2300E423A4 /* InfoPlist.strings in Resources */ = {isa = PBXBuildFile; fileRef = 251D0D091377CE2300E423A4 /* InfoPlist.strings */; };
		251D0D0E1377CE2300E423A4 /* CloudImageProcessingTests.h in Resources */ = {isa = PBXBuildFile; fileRef = 251D0D0D1377CE2300E423A4 /* CloudImageProcessingTests.h */; };
		251D0D101377CE2300E423A4 /* CloudImageProcessingTests.m in Sources */ = {isa = PBXBuildFile; fileRef = 251D0D0F1377CE2300E423A4 /* CloudImageProcessingTests.m */; };
		25391A6913780D0000F6D0F4 /* arrow_circle_left.png in Resources */ = {isa = PBXBuildFile; fileRef = 25391A6713780D0000F6D0F4 /* arrow_circle_left.png */; };
		25391A6A13780D0000F6D0F4 /* arrow_circle_left@2x.png in Resources */ = {isa = PBXBuildFile; fileRef = 25391A6813780D0000F6D0F4 /* arrow_circle_left@2x.png */; };
		253CEF7E138E3F29002546A7 /* new-message-icon.png in Resources */ = {isa = PBXBuildFile; fileRef = 253CEF7D138E3F29002546A7 /* new-message-icon.png */; };
		25C4641D138D08CF00753668 /* MCVideoResource.m in Sources */ = {isa = PBXBuildFile; fileRef = 25C4641C138D08CF00753668 /* MCVideoResource.m */; };
		25C46421138D091200753668 /* MCResourceManager.m in Sources */ = {isa = PBXBuildFile; fileRef = 25C46420138D091200753668 /* MCResourceManager.m */; };
		25C46424138D17D200753668 /* MCAppSettings.m in Sources */ = {isa = PBXBuildFile; fileRef = 25C46423138D17D200753668 /* MCAppSettings.m */; };
		25CF5D781377FDBE00343493 /* ant-eater.jpg in Resources */ = {isa = PBXBuildFile; fileRef = 25CF5D771377FDBE00343493 /* ant-eater.jpg */; };
		25CF5E601378029C00343493 /* ASIAuthenticationDialog.m in Sources */ = {isa = PBXBuildFile; fileRef = 25CF5E2A1378029C00343493 /* ASIAuthenticationDialog.m */; };
		25CF5E611378029C00343493 /* ASIDataCompressor.m in Sources */ = {isa = PBXBuildFile; fileRef = 25CF5E2D1378029C00343493 /* ASIDataCompressor.m */; };
		25CF5E621378029C00343493 /* ASIDataDecompressor.m in Sources */ = {isa = PBXBuildFile; fileRef = 25CF5E2F1378029C00343493 /* ASIDataDecompressor.m */; };
		25CF5E631378029C00343493 /* ASIDownloadCache.m in Sources */ = {isa = PBXBuildFile; fileRef = 25CF5E311378029C00343493 /* ASIDownloadCache.m */; };
		25CF5E641378029C00343493 /* ASIFormDataRequest.m in Sources */ = {isa = PBXBuildFile; fileRef = 25CF5E331378029C00343493 /* ASIFormDataRequest.m */; };
		25CF5E651378029C00343493 /* ASIHTTPRequest.m in Sources */ = {isa = PBXBuildFile; fileRef = 25CF5E351378029C00343493 /* ASIHTTPRequest.m */; };
		25CF5E661378029C00343493 /* ASIInputStream.m in Sources */ = {isa = PBXBuildFile; fileRef = 25CF5E391378029C00343493 /* ASIInputStream.m */; };
		25CF5E671378029C00343493 /* ASINetworkQueue.m in Sources */ = {isa = PBXBuildFile; fileRef = 25CF5E3B1378029C00343493 /* ASINetworkQueue.m */; };
		25CF5E681378029C00343493 /* ASIWebPageRequest.m in Sources */ = {isa = PBXBuildFile; fileRef = 25CF5E3F1378029C00343493 /* ASIWebPageRequest.m */; };
		25CF5E691378029C00343493 /* ASICloudFilesCDNRequest.m in Sources */ = {isa = PBXBuildFile; fileRef = 25CF5E421378029C00343493 /* ASICloudFilesCDNRequest.m */; };
		25CF5E6A1378029C00343493 /* ASICloudFilesContainer.m in Sources */ = {isa = PBXBuildFile; fileRef = 25CF5E441378029C00343493 /* ASICloudFilesContainer.m */; };
		25CF5E6B1378029C00343493 /* ASICloudFilesContainerRequest.m in Sources */ = {isa = PBXBuildFile; fileRef = 25CF5E461378029C00343493 /* ASICloudFilesContainerRequest.m */; };
		25CF5E6C1378029C00343493 /* ASICloudFilesContainerXMLParserDelegate.m in Sources */ = {isa = PBXBuildFile; fileRef = 25CF5E481378029C00343493 /* ASICloudFilesContainerXMLParserDelegate.m */; };
		25CF5E6D1378029C00343493 /* ASICloudFilesObject.m in Sources */ = {isa = PBXBuildFile; fileRef = 25CF5E4A1378029C00343493 /* ASICloudFilesObject.m */; };
		25CF5E6E1378029C00343493 /* ASICloudFilesObjectRequest.m in Sources */ = {isa = PBXBuildFile; fileRef = 25CF5E4C1378029C00343493 /* ASICloudFilesObjectRequest.m */; };
		25CF5E6F1378029C00343493 /* ASICloudFilesRequest.m in Sources */ = {isa = PBXBuildFile; fileRef = 25CF5E4E1378029C00343493 /* ASICloudFilesRequest.m */; };
		25CF5E701378029C00343493 /* ASIS3Bucket.m in Sources */ = {isa = PBXBuildFile; fileRef = 25CF5E521378029C00343493 /* ASIS3Bucket.m */; };
		25CF5E711378029C00343493 /* ASIS3BucketObject.m in Sources */ = {isa = PBXBuildFile; fileRef = 25CF5E541378029C00343493 /* ASIS3BucketObject.m */; };
		25CF5E721378029C00343493 /* ASIS3BucketRequest.m in Sources */ = {isa = PBXBuildFile; fileRef = 25CF5E561378029C00343493 /* ASIS3BucketRequest.m */; };
		25CF5E731378029C00343493 /* ASIS3ObjectRequest.m in Sources */ = {isa = PBXBuildFile; fileRef = 25CF5E581378029C00343493 /* ASIS3ObjectRequest.m */; };
		25CF5E741378029C00343493 /* ASIS3Request.m in Sources */ = {isa = PBXBuildFile; fileRef = 25CF5E5A1378029C00343493 /* ASIS3Request.m */; };
		25CF5E751378029C00343493 /* ASIS3ServiceRequest.m in Sources */ = {isa = PBXBuildFile; fileRef = 25CF5E5C1378029C00343493 /* ASIS3ServiceRequest.m */; };
		25CF5E761378029C00343493 /* Reachability.m in Sources */ = {isa = PBXBuildFile; fileRef = 25CF5E5F1378029C00343493 /* Reachability.m */; };
		25CF5E78137802B000343493 /* CFNetwork.framework in Frameworks */ = {isa = PBXBuildFile; fileRef = 25CF5E77137802B000343493 /* CFNetwork.framework */; };
		25CF5E7A137802B700343493 /* SystemConfiguration.framework in Frameworks */ = {isa = PBXBuildFile; fileRef = 25CF5E79137802B700343493 /* SystemConfiguration.framework */; };
		25CF5E7C137802C200343493 /* MobileCoreServices.framework in Frameworks */ = {isa = PBXBuildFile; fileRef = 25CF5E7B137802C200343493 /* MobileCoreServices.framework */; };
		25CF5E7F137802F400343493 /* libz.dylib in Frameworks */ = {isa = PBXBuildFile; fileRef = 25CF5E7E137802F400343493 /* libz.dylib */; };
		25CF5E891378034700343493 /* libxml2.dylib in Frameworks */ = {isa = PBXBuildFile; fileRef = 25CF5E881378034700343493 /* libxml2.dylib */; };
		25CF5E941378054D00343493 /* film.png in Resources */ = {isa = PBXBuildFile; fileRef = 25CF5E921378054D00343493 /* film.png */; };
		25CF5E951378054D00343493 /* film@2x.png in Resources */ = {isa = PBXBuildFile; fileRef = 25CF5E931378054D00343493 /* film@2x.png */; };
		25CF5E98137805F800343493 /* MediaPlayer.framework in Frameworks */ = {isa = PBXBuildFile; fileRef = 25CF5E97137805F800343493 /* MediaPlayer.framework */; };
		25DB23251396E08200ACFD10 /* alarm.png in Resources */ = {isa = PBXBuildFile; fileRef = 25DB23211396E08200ACFD10 /* alarm.png */; };
		25DB23261396E08200ACFD10 /* alarm@2x.png in Resources */ = {isa = PBXBuildFile; fileRef = 25DB23221396E08200ACFD10 /* alarm@2x.png */; };
		25DB23271396E08200ACFD10 /* clock.png in Resources */ = {isa = PBXBuildFile; fileRef = 25DB23231396E08200ACFD10 /* clock.png */; };
		25DB23281396E08200ACFD10 /* clock@2x.png in Resources */ = {isa = PBXBuildFile; fileRef = 25DB23241396E08200ACFD10 /* clock@2x.png */; };
		25DB23331396E5C200ACFD10 /* MCTimeSynchronizer.m in Sources */ = {isa = PBXBuildFile; fileRef = 25DB23321396E5C100ACFD10 /* MCTimeSynchronizer.m */; };
		25DB23361396E60F00ACFD10 /* MCAsyncTestTimes.m in Sources */ = {isa = PBXBuildFile; fileRef = 25DB23351396E60F00ACFD10 /* MCAsyncTestTimes.m */; };
		25DB233C1396E82D00ACFD10 /* NSData+Additions.m in Sources */ = {isa = PBXBuildFile; fileRef = 25DB23391396E82D00ACFD10 /* NSData+Additions.m */; };
		25DB233D1396E82D00ACFD10 /* NSString+Additions.m in Sources */ = {isa = PBXBuildFile; fileRef = 25DB233B1396E82D00ACFD10 /* NSString+Additions.m */; };
		25EBD75A1377DDB000AA6F1D /* MCVideoListController.m in Sources */ = {isa = PBXBuildFile; fileRef = 25EBD7581377DDB000AA6F1D /* MCVideoListController.m */; };
		25EBD75B1377DDB000AA6F1D /* MCVideoListController.m in Sources */ = {isa = PBXBuildFile; fileRef = 25EBD7581377DDB000AA6F1D /* MCVideoListController.m */; };
		25EBD75C1377DDB000AA6F1D /* MCVideoListController.xib in Resources */ = {isa = PBXBuildFile; fileRef = 25EBD7591377DDB000AA6F1D /* MCVideoListController.xib */; };
		25EBD75D1377DDB000AA6F1D /* MCVideoListController.xib in Resources */ = {isa = PBXBuildFile; fileRef = 25EBD7591377DDB000AA6F1D /* MCVideoListController.xib */; };
		25EBD7611377DDFC00AA6F1D /* MCVideoDetailsController.m in Sources */ = {isa = PBXBuildFile; fileRef = 25EBD75F1377DDFC00AA6F1D /* MCVideoDetailsController.m */; };
		25EBD7621377DDFC00AA6F1D /* MCVideoDetailsController.xib in Resources */ = {isa = PBXBuildFile; fileRef = 25EBD7601377DDFC00AA6F1D /* MCVideoDetailsController.xib */; };
		25EBD7671377DED300AA6F1D /* MCVideoListCell.m in Sources */ = {isa = PBXBuildFile; fileRef = 25EBD7661377DED300AA6F1D /* MCVideoListCell.m */; };
		25EBD7691377DEFF00AA6F1D /* MCVideoListCell.xib in Resources */ = {isa = PBXBuildFile; fileRef = 25EBD7681377DEFF00AA6F1D /* MCVideoListCell.xib */; };
		25EBD76E1377E62B00AA6F1D /* DebugLog.m in Sources */ = {isa = PBXBuildFile; fileRef = 25EBD76D1377E62B00AA6F1D /* DebugLog.m */; };
		25EBD76F1377E62B00AA6F1D /* DebugLog.m in Sources */ = {isa = PBXBuildFile; fileRef = 25EBD76D1377E62B00AA6F1D /* DebugLog.m */; };
		25FDCE9513970B4F007D3DA6 /* MCTestTimesManager.m in Sources */ = {isa = PBXBuildFile; fileRef = 25FDCE9413970B4F007D3DA6 /* MCTestTimesManager.m */; };
		25FDCE99139722DB007D3DA6 /* flag.png in Resources */ = {isa = PBXBuildFile; fileRef = 25FDCE97139722DB007D3DA6 /* flag.png */; };
		25FDCE9A139722DB007D3DA6 /* flag@2x.png in Resources */ = {isa = PBXBuildFile; fileRef = 25FDCE98139722DB007D3DA6 /* flag@2x.png */; };
/* End PBXBuildFile section */

/* Begin PBXContainerItemProxy section */
		251D0D041377CE2300E423A4 /* PBXContainerItemProxy */ = {
			isa = PBXContainerItemProxy;
			containerPortal = 251D0CD91377CE2300E423A4 /* Project object */;
			proxyType = 1;
			remoteGlobalIDString = 251D0CE11377CE2300E423A4;
			remoteInfo = CloudImageProcessing;
		};
/* End PBXContainerItemProxy section */

/* Begin PBXFileReference section */
		25079061138D33AB00B30D99 /* JSON.h */ = {isa = PBXFileReference; fileEncoding = 4; lastKnownFileType = sourcecode.c.h; path = JSON.h; sourceTree = "<group>"; };
		25079062138D33AB00B30D99 /* NSObject+JSON.h */ = {isa = PBXFileReference; fileEncoding = 4; lastKnownFileType = sourcecode.c.h; path = "NSObject+JSON.h"; sourceTree = "<group>"; };
		25079063138D33AB00B30D99 /* NSObject+JSON.m */ = {isa = PBXFileReference; fileEncoding = 4; lastKnownFileType = sourcecode.c.objc; path = "NSObject+JSON.m"; sourceTree = "<group>"; };
		25079064138D33AB00B30D99 /* SBJsonIncludes.h */ = {isa = PBXFileReference; fileEncoding = 4; lastKnownFileType = sourcecode.c.h; path = SBJsonIncludes.h; sourceTree = "<group>"; };
		25079065138D33AB00B30D99 /* SBJsonParser.h */ = {isa = PBXFileReference; fileEncoding = 4; lastKnownFileType = sourcecode.c.h; path = SBJsonParser.h; sourceTree = "<group>"; };
		25079066138D33AB00B30D99 /* SBJsonParser.m */ = {isa = PBXFileReference; fileEncoding = 4; lastKnownFileType = sourcecode.c.objc; path = SBJsonParser.m; sourceTree = "<group>"; };
		25079067138D33AB00B30D99 /* SBJsonStreamParser.h */ = {isa = PBXFileReference; fileEncoding = 4; lastKnownFileType = sourcecode.c.h; path = SBJsonStreamParser.h; sourceTree = "<group>"; };
		25079068138D33AB00B30D99 /* SBJsonStreamParser.m */ = {isa = PBXFileReference; fileEncoding = 4; lastKnownFileType = sourcecode.c.objc; path = SBJsonStreamParser.m; sourceTree = "<group>"; };
		25079069138D33AB00B30D99 /* SBJsonStreamParserAccumulator.h */ = {isa = PBXFileReference; fileEncoding = 4; lastKnownFileType = sourcecode.c.h; path = SBJsonStreamParserAccumulator.h; sourceTree = "<group>"; };
		2507906A138D33AB00B30D99 /* SBJsonStreamParserAccumulator.m */ = {isa = PBXFileReference; fileEncoding = 4; lastKnownFileType = sourcecode.c.objc; path = SBJsonStreamParserAccumulator.m; sourceTree = "<group>"; };
		2507906B138D33AB00B30D99 /* SBJsonStreamParserAdapter.h */ = {isa = PBXFileReference; fileEncoding = 4; lastKnownFileType = sourcecode.c.h; path = SBJsonStreamParserAdapter.h; sourceTree = "<group>"; };
		2507906C138D33AB00B30D99 /* SBJsonStreamParserAdapter.m */ = {isa = PBXFileReference; fileEncoding = 4; lastKnownFileType = sourcecode.c.objc; path = SBJsonStreamParserAdapter.m; sourceTree = "<group>"; };
		2507906D138D33AB00B30D99 /* SBJsonStreamParserState.h */ = {isa = PBXFileReference; fileEncoding = 4; lastKnownFileType = sourcecode.c.h; path = SBJsonStreamParserState.h; sourceTree = "<group>"; };
		2507906E138D33AB00B30D99 /* SBJsonStreamParserState.m */ = {isa = PBXFileReference; fileEncoding = 4; lastKnownFileType = sourcecode.c.objc; path = SBJsonStreamParserState.m; sourceTree = "<group>"; };
		2507906F138D33AB00B30D99 /* SBJsonStreamWriter.h */ = {isa = PBXFileReference; fileEncoding = 4; lastKnownFileType = sourcecode.c.h; path = SBJsonStreamWriter.h; sourceTree = "<group>"; };
		25079070138D33AB00B30D99 /* SBJsonStreamWriter.m */ = {isa = PBXFileReference; fileEncoding = 4; lastKnownFileType = sourcecode.c.objc; path = SBJsonStreamWriter.m; sourceTree = "<group>"; };
		25079071138D33AB00B30D99 /* SBJsonStreamWriterAccumulator.h */ = {isa = PBXFileReference; fileEncoding = 4; lastKnownFileType = sourcecode.c.h; path = SBJsonStreamWriterAccumulator.h; sourceTree = "<group>"; };
		25079072138D33AB00B30D99 /* SBJsonStreamWriterAccumulator.m */ = {isa = PBXFileReference; fileEncoding = 4; lastKnownFileType = sourcecode.c.objc; path = SBJsonStreamWriterAccumulator.m; sourceTree = "<group>"; };
		25079073138D33AB00B30D99 /* SBJsonStreamWriterState.h */ = {isa = PBXFileReference; fileEncoding = 4; lastKnownFileType = sourcecode.c.h; path = SBJsonStreamWriterState.h; sourceTree = "<group>"; };
		25079074138D33AB00B30D99 /* SBJsonStreamWriterState.m */ = {isa = PBXFileReference; fileEncoding = 4; lastKnownFileType = sourcecode.c.objc; path = SBJsonStreamWriterState.m; sourceTree = "<group>"; };
		25079075138D33AB00B30D99 /* SBJsonTokeniser.h */ = {isa = PBXFileReference; fileEncoding = 4; lastKnownFileType = sourcecode.c.h; path = SBJsonTokeniser.h; sourceTree = "<group>"; };
		25079076138D33AB00B30D99 /* SBJsonTokeniser.m */ = {isa = PBXFileReference; fileEncoding = 4; lastKnownFileType = sourcecode.c.objc; path = SBJsonTokeniser.m; sourceTree = "<group>"; };
		25079077138D33AB00B30D99 /* SBJsonWriter.h */ = {isa = PBXFileReference; fileEncoding = 4; lastKnownFileType = sourcecode.c.h; path = SBJsonWriter.h; sourceTree = "<group>"; };
		25079078138D33AB00B30D99 /* SBJsonWriter.m */ = {isa = PBXFileReference; fileEncoding = 4; lastKnownFileType = sourcecode.c.objc; path = SBJsonWriter.m; sourceTree = "<group>"; };
		25079079138D33AB00B30D99 /* SBUTF8Stream.h */ = {isa = PBXFileReference; fileEncoding = 4; lastKnownFileType = sourcecode.c.h; path = SBUTF8Stream.h; sourceTree = "<group>"; };
		2507907A138D33AB00B30D99 /* SBUTF8Stream.m */ = {isa = PBXFileReference; fileEncoding = 4; lastKnownFileType = sourcecode.c.objc; path = SBUTF8Stream.m; sourceTree = "<group>"; };
		2517DB02138D4425002EF157 /* video-file-type-icon.png */ = {isa = PBXFileReference; lastKnownFileType = image.png; path = "video-file-type-icon.png"; sourceTree = "<group>"; };
		2517DB05138D4A1E002EF157 /* MCVideoListCell2.xib */ = {isa = PBXFileReference; fileEncoding = 4; lastKnownFileType = file.xib; path = MCVideoListCell2.xib; sourceTree = "<group>"; };
		2517DB1F138D61BD002EF157 /* MediaPlayer.framework */ = {isa = PBXFileReference; lastKnownFileType = wrapper.framework; name = MediaPlayer.framework; path = System/Library/Frameworks/MediaPlayer.framework; sourceTree = SDKROOT; };
		251D0CE21377CE2300E423A4 /* CloudImageProcessing.app */ = {isa = PBXFileReference; explicitFileType = wrapper.application; includeInIndex = 0; path = CloudImageProcessing.app; sourceTree = BUILT_PRODUCTS_DIR; };
		251D0CE61377CE2300E423A4 /* UIKit.framework */ = {isa = PBXFileReference; lastKnownFileType = wrapper.framework; name = UIKit.framework; path = System/Library/Frameworks/UIKit.framework; sourceTree = SDKROOT; };
		251D0CE81377CE2300E423A4 /* Foundation.framework */ = {isa = PBXFileReference; lastKnownFileType = wrapper.framework; name = Foundation.framework; path = System/Library/Frameworks/Foundation.framework; sourceTree = SDKROOT; };
		251D0CEA1377CE2300E423A4 /* CoreGraphics.framework */ = {isa = PBXFileReference; lastKnownFileType = wrapper.framework; name = CoreGraphics.framework; path = System/Library/Frameworks/CoreGraphics.framework; sourceTree = SDKROOT; };
		251D0CEE1377CE2300E423A4 /* CloudImageProcessing-Info.plist */ = {isa = PBXFileReference; lastKnownFileType = text.plist.xml; path = "CloudImageProcessing-Info.plist"; sourceTree = "<group>"; };
		251D0CF01377CE2300E423A4 /* en */ = {isa = PBXFileReference; lastKnownFileType = text.plist.strings; name = en; path = en.lproj/InfoPlist.strings; sourceTree = "<group>"; };
		251D0CF21377CE2300E423A4 /* CloudImageProcessing-Prefix.pch */ = {isa = PBXFileReference; lastKnownFileType = sourcecode.c.h; path = "CloudImageProcessing-Prefix.pch"; sourceTree = "<group>"; };
		251D0CF31377CE2300E423A4 /* main.m */ = {isa = PBXFileReference; lastKnownFileType = sourcecode.c.objc; path = main.m; sourceTree = "<group>"; };
		251D0CF51377CE2300E423A4 /* CloudImageProcessingAppDelegate.h */ = {isa = PBXFileReference; lastKnownFileType = sourcecode.c.h; path = CloudImageProcessingAppDelegate.h; sourceTree = "<group>"; };
		251D0CF61377CE2300E423A4 /* CloudImageProcessingAppDelegate.m */ = {isa = PBXFileReference; lastKnownFileType = sourcecode.c.objc; path = CloudImageProcessingAppDelegate.m; sourceTree = "<group>"; };
		251D0CF91377CE2300E423A4 /* en */ = {isa = PBXFileReference; lastKnownFileType = file.xib; name = en; path = en.lproj/MainWindow.xib; sourceTree = "<group>"; };
		251D0D001377CE2300E423A4 /* CloudImageProcessingTests.octest */ = {isa = PBXFileReference; explicitFileType = wrapper.cfbundle; includeInIndex = 0; path = CloudImageProcessingTests.octest; sourceTree = BUILT_PRODUCTS_DIR; };
		251D0D081377CE2300E423A4 /* CloudImageProcessingTests-Info.plist */ = {isa = PBXFileReference; lastKnownFileType = text.plist.xml; path = "CloudImageProcessingTests-Info.plist"; sourceTree = "<group>"; };
		251D0D0A1377CE2300E423A4 /* en */ = {isa = PBXFileReference; lastKnownFileType = text.plist.strings; name = en; path = en.lproj/InfoPlist.strings; sourceTree = "<group>"; };
		251D0D0C1377CE2300E423A4 /* CloudImageProcessingTests-Prefix.pch */ = {isa = PBXFileReference; lastKnownFileType = sourcecode.c.h; path = "CloudImageProcessingTests-Prefix.pch"; sourceTree = "<group>"; };
		251D0D0D1377CE2300E423A4 /* CloudImageProcessingTests.h */ = {isa = PBXFileReference; lastKnownFileType = sourcecode.c.h; path = CloudImageProcessingTests.h; sourceTree = "<group>"; };
		251D0D0F1377CE2300E423A4 /* CloudImageProcessingTests.m */ = {isa = PBXFileReference; lastKnownFileType = sourcecode.c.objc; path = CloudImageProcessingTests.m; sourceTree = "<group>"; };
		25391A6713780D0000F6D0F4 /* arrow_circle_left.png */ = {isa = PBXFileReference; lastKnownFileType = image.png; path = arrow_circle_left.png; sourceTree = "<group>"; };
		25391A6813780D0000F6D0F4 /* arrow_circle_left@2x.png */ = {isa = PBXFileReference; lastKnownFileType = image.png; path = "arrow_circle_left@2x.png"; sourceTree = "<group>"; };
		253CEF7D138E3F29002546A7 /* new-message-icon.png */ = {isa = PBXFileReference; lastKnownFileType = image.png; path = "new-message-icon.png"; sourceTree = "<group>"; };
		25C4641B138D08CF00753668 /* MCVideoResource.h */ = {isa = PBXFileReference; fileEncoding = 4; lastKnownFileType = sourcecode.c.h; path = MCVideoResource.h; sourceTree = "<group>"; };
		25C4641C138D08CF00753668 /* MCVideoResource.m */ = {isa = PBXFileReference; fileEncoding = 4; lastKnownFileType = sourcecode.c.objc; path = MCVideoResource.m; sourceTree = "<group>"; };
		25C4641F138D091100753668 /* MCResourceManager.h */ = {isa = PBXFileReference; fileEncoding = 4; lastKnownFileType = sourcecode.c.h; path = MCResourceManager.h; sourceTree = "<group>"; };
		25C46420138D091200753668 /* MCResourceManager.m */ = {isa = PBXFileReference; fileEncoding = 4; lastKnownFileType = sourcecode.c.objc; path = MCResourceManager.m; sourceTree = "<group>"; };
		25C46422138D17D100753668 /* MCAppSettings.h */ = {isa = PBXFileReference; fileEncoding = 4; lastKnownFileType = sourcecode.c.h; path = MCAppSettings.h; sourceTree = "<group>"; };
		25C46423138D17D200753668 /* MCAppSettings.m */ = {isa = PBXFileReference; fileEncoding = 4; lastKnownFileType = sourcecode.c.objc; path = MCAppSettings.m; sourceTree = "<group>"; };
		25CF5D771377FDBE00343493 /* ant-eater.jpg */ = {isa = PBXFileReference; lastKnownFileType = image.jpeg; path = "ant-eater.jpg"; sourceTree = "<group>"; };
		25CF5E291378029C00343493 /* ASIAuthenticationDialog.h */ = {isa = PBXFileReference; fileEncoding = 4; lastKnownFileType = sourcecode.c.h; path = ASIAuthenticationDialog.h; sourceTree = "<group>"; };
		25CF5E2A1378029C00343493 /* ASIAuthenticationDialog.m */ = {isa = PBXFileReference; fileEncoding = 4; lastKnownFileType = sourcecode.c.objc; path = ASIAuthenticationDialog.m; sourceTree = "<group>"; };
		25CF5E2B1378029C00343493 /* ASICacheDelegate.h */ = {isa = PBXFileReference; fileEncoding = 4; lastKnownFileType = sourcecode.c.h; path = ASICacheDelegate.h; sourceTree = "<group>"; };
		25CF5E2C1378029C00343493 /* ASIDataCompressor.h */ = {isa = PBXFileReference; fileEncoding = 4; lastKnownFileType = sourcecode.c.h; path = ASIDataCompressor.h; sourceTree = "<group>"; };
		25CF5E2D1378029C00343493 /* ASIDataCompressor.m */ = {isa = PBXFileReference; fileEncoding = 4; lastKnownFileType = sourcecode.c.objc; path = ASIDataCompressor.m; sourceTree = "<group>"; };
		25CF5E2E1378029C00343493 /* ASIDataDecompressor.h */ = {isa = PBXFileReference; fileEncoding = 4; lastKnownFileType = sourcecode.c.h; path = ASIDataDecompressor.h; sourceTree = "<group>"; };
		25CF5E2F1378029C00343493 /* ASIDataDecompressor.m */ = {isa = PBXFileReference; fileEncoding = 4; lastKnownFileType = sourcecode.c.objc; path = ASIDataDecompressor.m; sourceTree = "<group>"; };
		25CF5E301378029C00343493 /* ASIDownloadCache.h */ = {isa = PBXFileReference; fileEncoding = 4; lastKnownFileType = sourcecode.c.h; path = ASIDownloadCache.h; sourceTree = "<group>"; };
		25CF5E311378029C00343493 /* ASIDownloadCache.m */ = {isa = PBXFileReference; fileEncoding = 4; lastKnownFileType = sourcecode.c.objc; path = ASIDownloadCache.m; sourceTree = "<group>"; };
		25CF5E321378029C00343493 /* ASIFormDataRequest.h */ = {isa = PBXFileReference; fileEncoding = 4; lastKnownFileType = sourcecode.c.h; path = ASIFormDataRequest.h; sourceTree = "<group>"; };
		25CF5E331378029C00343493 /* ASIFormDataRequest.m */ = {isa = PBXFileReference; fileEncoding = 4; lastKnownFileType = sourcecode.c.objc; path = ASIFormDataRequest.m; sourceTree = "<group>"; };
		25CF5E341378029C00343493 /* ASIHTTPRequest.h */ = {isa = PBXFileReference; fileEncoding = 4; lastKnownFileType = sourcecode.c.h; path = ASIHTTPRequest.h; sourceTree = "<group>"; };
		25CF5E351378029C00343493 /* ASIHTTPRequest.m */ = {isa = PBXFileReference; fileEncoding = 4; lastKnownFileType = sourcecode.c.objc; path = ASIHTTPRequest.m; sourceTree = "<group>"; };
		25CF5E361378029C00343493 /* ASIHTTPRequestConfig.h */ = {isa = PBXFileReference; fileEncoding = 4; lastKnownFileType = sourcecode.c.h; path = ASIHTTPRequestConfig.h; sourceTree = "<group>"; };
		25CF5E371378029C00343493 /* ASIHTTPRequestDelegate.h */ = {isa = PBXFileReference; fileEncoding = 4; lastKnownFileType = sourcecode.c.h; path = ASIHTTPRequestDelegate.h; sourceTree = "<group>"; };
		25CF5E381378029C00343493 /* ASIInputStream.h */ = {isa = PBXFileReference; fileEncoding = 4; lastKnownFileType = sourcecode.c.h; path = ASIInputStream.h; sourceTree = "<group>"; };
		25CF5E391378029C00343493 /* ASIInputStream.m */ = {isa = PBXFileReference; fileEncoding = 4; lastKnownFileType = sourcecode.c.objc; path = ASIInputStream.m; sourceTree = "<group>"; };
		25CF5E3A1378029C00343493 /* ASINetworkQueue.h */ = {isa = PBXFileReference; fileEncoding = 4; lastKnownFileType = sourcecode.c.h; path = ASINetworkQueue.h; sourceTree = "<group>"; };
		25CF5E3B1378029C00343493 /* ASINetworkQueue.m */ = {isa = PBXFileReference; fileEncoding = 4; lastKnownFileType = sourcecode.c.objc; path = ASINetworkQueue.m; sourceTree = "<group>"; };
		25CF5E3C1378029C00343493 /* ASIProgressDelegate.h */ = {isa = PBXFileReference; fileEncoding = 4; lastKnownFileType = sourcecode.c.h; path = ASIProgressDelegate.h; sourceTree = "<group>"; };
		25CF5E3E1378029C00343493 /* ASIWebPageRequest.h */ = {isa = PBXFileReference; fileEncoding = 4; lastKnownFileType = sourcecode.c.h; path = ASIWebPageRequest.h; sourceTree = "<group>"; };
		25CF5E3F1378029C00343493 /* ASIWebPageRequest.m */ = {isa = PBXFileReference; fileEncoding = 4; lastKnownFileType = sourcecode.c.objc; path = ASIWebPageRequest.m; sourceTree = "<group>"; };
		25CF5E411378029C00343493 /* ASICloudFilesCDNRequest.h */ = {isa = PBXFileReference; fileEncoding = 4; lastKnownFileType = sourcecode.c.h; path = ASICloudFilesCDNRequest.h; sourceTree = "<group>"; };
		25CF5E421378029C00343493 /* ASICloudFilesCDNRequest.m */ = {isa = PBXFileReference; fileEncoding = 4; lastKnownFileType = sourcecode.c.objc; path = ASICloudFilesCDNRequest.m; sourceTree = "<group>"; };
		25CF5E431378029C00343493 /* ASICloudFilesContainer.h */ = {isa = PBXFileReference; fileEncoding = 4; lastKnownFileType = sourcecode.c.h; path = ASICloudFilesContainer.h; sourceTree = "<group>"; };
		25CF5E441378029C00343493 /* ASICloudFilesContainer.m */ = {isa = PBXFileReference; fileEncoding = 4; lastKnownFileType = sourcecode.c.objc; path = ASICloudFilesContainer.m; sourceTree = "<group>"; };
		25CF5E451378029C00343493 /* ASICloudFilesContainerRequest.h */ = {isa = PBXFileReference; fileEncoding = 4; lastKnownFileType = sourcecode.c.h; path = ASICloudFilesContainerRequest.h; sourceTree = "<group>"; };
		25CF5E461378029C00343493 /* ASICloudFilesContainerRequest.m */ = {isa = PBXFileReference; fileEncoding = 4; lastKnownFileType = sourcecode.c.objc; path = ASICloudFilesContainerRequest.m; sourceTree = "<group>"; };
		25CF5E471378029C00343493 /* ASICloudFilesContainerXMLParserDelegate.h */ = {isa = PBXFileReference; fileEncoding = 4; lastKnownFileType = sourcecode.c.h; path = ASICloudFilesContainerXMLParserDelegate.h; sourceTree = "<group>"; };
		25CF5E481378029C00343493 /* ASICloudFilesContainerXMLParserDelegate.m */ = {isa = PBXFileReference; fileEncoding = 4; lastKnownFileType = sourcecode.c.objc; path = ASICloudFilesContainerXMLParserDelegate.m; sourceTree = "<group>"; };
		25CF5E491378029C00343493 /* ASICloudFilesObject.h */ = {isa = PBXFileReference; fileEncoding = 4; lastKnownFileType = sourcecode.c.h; path = ASICloudFilesObject.h; sourceTree = "<group>"; };
		25CF5E4A1378029C00343493 /* ASICloudFilesObject.m */ = {isa = PBXFileReference; fileEncoding = 4; lastKnownFileType = sourcecode.c.objc; path = ASICloudFilesObject.m; sourceTree = "<group>"; };
		25CF5E4B1378029C00343493 /* ASICloudFilesObjectRequest.h */ = {isa = PBXFileReference; fileEncoding = 4; lastKnownFileType = sourcecode.c.h; path = ASICloudFilesObjectRequest.h; sourceTree = "<group>"; };
		25CF5E4C1378029C00343493 /* ASICloudFilesObjectRequest.m */ = {isa = PBXFileReference; fileEncoding = 4; lastKnownFileType = sourcecode.c.objc; path = ASICloudFilesObjectRequest.m; sourceTree = "<group>"; };
		25CF5E4D1378029C00343493 /* ASICloudFilesRequest.h */ = {isa = PBXFileReference; fileEncoding = 4; lastKnownFileType = sourcecode.c.h; path = ASICloudFilesRequest.h; sourceTree = "<group>"; };
		25CF5E4E1378029C00343493 /* ASICloudFilesRequest.m */ = {isa = PBXFileReference; fileEncoding = 4; lastKnownFileType = sourcecode.c.objc; path = ASICloudFilesRequest.m; sourceTree = "<group>"; };
		25CF5E501378029C00343493 /* ASINSXMLParserCompat.h */ = {isa = PBXFileReference; fileEncoding = 4; lastKnownFileType = sourcecode.c.h; path = ASINSXMLParserCompat.h; sourceTree = "<group>"; };
		25CF5E511378029C00343493 /* ASIS3Bucket.h */ = {isa = PBXFileReference; fileEncoding = 4; lastKnownFileType = sourcecode.c.h; path = ASIS3Bucket.h; sourceTree = "<group>"; };
		25CF5E521378029C00343493 /* ASIS3Bucket.m */ = {isa = PBXFileReference; fileEncoding = 4; lastKnownFileType = sourcecode.c.objc; path = ASIS3Bucket.m; sourceTree = "<group>"; };
		25CF5E531378029C00343493 /* ASIS3BucketObject.h */ = {isa = PBXFileReference; fileEncoding = 4; lastKnownFileType = sourcecode.c.h; path = ASIS3BucketObject.h; sourceTree = "<group>"; };
		25CF5E541378029C00343493 /* ASIS3BucketObject.m */ = {isa = PBXFileReference; fileEncoding = 4; lastKnownFileType = sourcecode.c.objc; path = ASIS3BucketObject.m; sourceTree = "<group>"; };
		25CF5E551378029C00343493 /* ASIS3BucketRequest.h */ = {isa = PBXFileReference; fileEncoding = 4; lastKnownFileType = sourcecode.c.h; path = ASIS3BucketRequest.h; sourceTree = "<group>"; };
		25CF5E561378029C00343493 /* ASIS3BucketRequest.m */ = {isa = PBXFileReference; fileEncoding = 4; lastKnownFileType = sourcecode.c.objc; path = ASIS3BucketRequest.m; sourceTree = "<group>"; };
		25CF5E571378029C00343493 /* ASIS3ObjectRequest.h */ = {isa = PBXFileReference; fileEncoding = 4; lastKnownFileType = sourcecode.c.h; path = ASIS3ObjectRequest.h; sourceTree = "<group>"; };
		25CF5E581378029C00343493 /* ASIS3ObjectRequest.m */ = {isa = PBXFileReference; fileEncoding = 4; lastKnownFileType = sourcecode.c.objc; path = ASIS3ObjectRequest.m; sourceTree = "<group>"; };
		25CF5E591378029C00343493 /* ASIS3Request.h */ = {isa = PBXFileReference; fileEncoding = 4; lastKnownFileType = sourcecode.c.h; path = ASIS3Request.h; sourceTree = "<group>"; };
		25CF5E5A1378029C00343493 /* ASIS3Request.m */ = {isa = PBXFileReference; fileEncoding = 4; lastKnownFileType = sourcecode.c.objc; path = ASIS3Request.m; sourceTree = "<group>"; };
		25CF5E5B1378029C00343493 /* ASIS3ServiceRequest.h */ = {isa = PBXFileReference; fileEncoding = 4; lastKnownFileType = sourcecode.c.h; path = ASIS3ServiceRequest.h; sourceTree = "<group>"; };
		25CF5E5C1378029C00343493 /* ASIS3ServiceRequest.m */ = {isa = PBXFileReference; fileEncoding = 4; lastKnownFileType = sourcecode.c.objc; path = ASIS3ServiceRequest.m; sourceTree = "<group>"; };
		25CF5E5E1378029C00343493 /* Reachability.h */ = {isa = PBXFileReference; fileEncoding = 4; lastKnownFileType = sourcecode.c.h; path = Reachability.h; sourceTree = "<group>"; };
		25CF5E5F1378029C00343493 /* Reachability.m */ = {isa = PBXFileReference; fileEncoding = 4; lastKnownFileType = sourcecode.c.objc; path = Reachability.m; sourceTree = "<group>"; };
		25CF5E77137802B000343493 /* CFNetwork.framework */ = {isa = PBXFileReference; lastKnownFileType = wrapper.framework; name = CFNetwork.framework; path = System/Library/Frameworks/CFNetwork.framework; sourceTree = SDKROOT; };
		25CF5E79137802B700343493 /* SystemConfiguration.framework */ = {isa = PBXFileReference; lastKnownFileType = wrapper.framework; name = SystemConfiguration.framework; path = System/Library/Frameworks/SystemConfiguration.framework; sourceTree = SDKROOT; };
		25CF5E7B137802C200343493 /* MobileCoreServices.framework */ = {isa = PBXFileReference; lastKnownFileType = wrapper.framework; name = MobileCoreServices.framework; path = System/Library/Frameworks/MobileCoreServices.framework; sourceTree = SDKROOT; };
		25CF5E7D137802C900343493 /* CoreGraphics.framework */ = {isa = PBXFileReference; lastKnownFileType = wrapper.framework; name = CoreGraphics.framework; path = System/Library/Frameworks/CoreGraphics.framework; sourceTree = SDKROOT; };
		25CF5E7E137802F400343493 /* libz.dylib */ = {isa = PBXFileReference; lastKnownFileType = "compiled.mach-o.dylib"; name = libz.dylib; path = usr/lib/libz.dylib; sourceTree = SDKROOT; };
		25CF5E881378034700343493 /* libxml2.dylib */ = {isa = PBXFileReference; lastKnownFileType = "compiled.mach-o.dylib"; name = libxml2.dylib; path = usr/lib/libxml2.dylib; sourceTree = SDKROOT; };
		25CF5E921378054D00343493 /* film.png */ = {isa = PBXFileReference; lastKnownFileType = image.png; path = film.png; sourceTree = "<group>"; };
		25CF5E931378054D00343493 /* film@2x.png */ = {isa = PBXFileReference; lastKnownFileType = image.png; path = "film@2x.png"; sourceTree = "<group>"; };
		25CF5E97137805F800343493 /* MediaPlayer.framework */ = {isa = PBXFileReference; lastKnownFileType = wrapper.framework; name = MediaPlayer.framework; path = System/Library/Frameworks/MediaPlayer.framework; sourceTree = SDKROOT; };
		25DB23211396E08200ACFD10 /* alarm.png */ = {isa = PBXFileReference; lastKnownFileType = image.png; path = alarm.png; sourceTree = "<group>"; };
		25DB23221396E08200ACFD10 /* alarm@2x.png */ = {isa = PBXFileReference; lastKnownFileType = image.png; path = "alarm@2x.png"; sourceTree = "<group>"; };
		25DB23231396E08200ACFD10 /* clock.png */ = {isa = PBXFileReference; lastKnownFileType = image.png; path = clock.png; sourceTree = "<group>"; };
		25DB23241396E08200ACFD10 /* clock@2x.png */ = {isa = PBXFileReference; lastKnownFileType = image.png; path = "clock@2x.png"; sourceTree = "<group>"; };
		25DB23311396E5C100ACFD10 /* MCTimeSynchronizer.h */ = {isa = PBXFileReference; fileEncoding = 4; lastKnownFileType = sourcecode.c.h; path = MCTimeSynchronizer.h; sourceTree = "<group>"; };
		25DB23321396E5C100ACFD10 /* MCTimeSynchronizer.m */ = {isa = PBXFileReference; fileEncoding = 4; lastKnownFileType = sourcecode.c.objc; path = MCTimeSynchronizer.m; sourceTree = "<group>"; };
		25DB23341396E60F00ACFD10 /* MCAsyncTestTimes.h */ = {isa = PBXFileReference; fileEncoding = 4; lastKnownFileType = sourcecode.c.h; path = MCAsyncTestTimes.h; sourceTree = "<group>"; };
		25DB23351396E60F00ACFD10 /* MCAsyncTestTimes.m */ = {isa = PBXFileReference; fileEncoding = 4; lastKnownFileType = sourcecode.c.objc; path = MCAsyncTestTimes.m; sourceTree = "<group>"; };
		25DB23381396E82D00ACFD10 /* NSData+Additions.h */ = {isa = PBXFileReference; fileEncoding = 4; lastKnownFileType = sourcecode.c.h; path = "NSData+Additions.h"; sourceTree = "<group>"; };
		25DB23391396E82D00ACFD10 /* NSData+Additions.m */ = {isa = PBXFileReference; fileEncoding = 4; lastKnownFileType = sourcecode.c.objc; path = "NSData+Additions.m"; sourceTree = "<group>"; };
		25DB233A1396E82D00ACFD10 /* NSString+Additions.h */ = {isa = PBXFileReference; fileEncoding = 4; lastKnownFileType = sourcecode.c.h; path = "NSString+Additions.h"; sourceTree = "<group>"; };
		25DB233B1396E82D00ACFD10 /* NSString+Additions.m */ = {isa = PBXFileReference; fileEncoding = 4; lastKnownFileType = sourcecode.c.objc; path = "NSString+Additions.m"; sourceTree = "<group>"; };
		25DB233E1396E8D900ACFD10 /* md5.h */ = {isa = PBXFileReference; fileEncoding = 4; lastKnownFileType = sourcecode.c.h; name = md5.h; path = External/MD5/md5.h; sourceTree = "<group>"; };
		25EBD7571377DDB000AA6F1D /* MCVideoListController.h */ = {isa = PBXFileReference; fileEncoding = 4; lastKnownFileType = sourcecode.c.h; path = MCVideoListController.h; sourceTree = "<group>"; };
		25EBD7581377DDB000AA6F1D /* MCVideoListController.m */ = {isa = PBXFileReference; fileEncoding = 4; lastKnownFileType = sourcecode.c.objc; path = MCVideoListController.m; sourceTree = "<group>"; };
		25EBD7591377DDB000AA6F1D /* MCVideoListController.xib */ = {isa = PBXFileReference; fileEncoding = 4; lastKnownFileType = file.xib; path = MCVideoListController.xib; sourceTree = "<group>"; };
		25EBD75E1377DDFC00AA6F1D /* MCVideoDetailsController.h */ = {isa = PBXFileReference; fileEncoding = 4; lastKnownFileType = sourcecode.c.h; path = MCVideoDetailsController.h; sourceTree = "<group>"; };
		25EBD75F1377DDFC00AA6F1D /* MCVideoDetailsController.m */ = {isa = PBXFileReference; fileEncoding = 4; lastKnownFileType = sourcecode.c.objc; path = MCVideoDetailsController.m; sourceTree = "<group>"; };
		25EBD7601377DDFC00AA6F1D /* MCVideoDetailsController.xib */ = {isa = PBXFileReference; fileEncoding = 4; lastKnownFileType = file.xib; path = MCVideoDetailsController.xib; sourceTree = "<group>"; };
		25EBD7651377DED300AA6F1D /* MCVideoListCell.h */ = {isa = PBXFileReference; fileEncoding = 4; lastKnownFileType = sourcecode.c.h; path = MCVideoListCell.h; sourceTree = "<group>"; };
		25EBD7661377DED300AA6F1D /* MCVideoListCell.m */ = {isa = PBXFileReference; fileEncoding = 4; lastKnownFileType = sourcecode.c.objc; path = MCVideoListCell.m; sourceTree = "<group>"; };
		25EBD7681377DEFF00AA6F1D /* MCVideoListCell.xib */ = {isa = PBXFileReference; fileEncoding = 4; lastKnownFileType = file.xib; path = MCVideoListCell.xib; sourceTree = "<group>"; };
		25EBD76D1377E62B00AA6F1D /* DebugLog.m */ = {isa = PBXFileReference; fileEncoding = 4; lastKnownFileType = sourcecode.c.objc; path = DebugLog.m; sourceTree = "<group>"; };
		25FDCE9313970B4F007D3DA6 /* MCTestTimesManager.h */ = {isa = PBXFileReference; fileEncoding = 4; lastKnownFileType = sourcecode.c.h; path = MCTestTimesManager.h; sourceTree = "<group>"; };
		25FDCE9413970B4F007D3DA6 /* MCTestTimesManager.m */ = {isa = PBXFileReference; fileEncoding = 4; lastKnownFileType = sourcecode.c.objc; path = MCTestTimesManager.m; sourceTree = "<group>"; };
		25FDCE97139722DB007D3DA6 /* flag.png */ = {isa = PBXFileReference; lastKnownFileType = image.png; path = flag.png; sourceTree = "<group>"; };
		25FDCE98139722DB007D3DA6 /* flag@2x.png */ = {isa = PBXFileReference; lastKnownFileType = image.png; path = "flag@2x.png"; sourceTree = "<group>"; };
/* End PBXFileReference section */

/* Begin PBXFrameworksBuildPhase section */
		251D0CDF1377CE2300E423A4 /* Frameworks */ = {
			isa = PBXFrameworksBuildPhase;
			buildActionMask = 2147483647;
			files = (
				25CF5E98137805F800343493 /* MediaPlayer.framework in Frameworks */,
				25CF5E891378034700343493 /* libxml2.dylib in Frameworks */,
				25CF5E7F137802F400343493 /* libz.dylib in Frameworks */,
				251D0CEB1377CE2300E423A4 /* CoreGraphics.framework in Frameworks */,
				25CF5E7C137802C200343493 /* MobileCoreServices.framework in Frameworks */,
				25CF5E7A137802B700343493 /* SystemConfiguration.framework in Frameworks */,
				25CF5E78137802B000343493 /* CFNetwork.framework in Frameworks */,
				251D0CE71377CE2300E423A4 /* UIKit.framework in Frameworks */,
				251D0CE91377CE2300E423A4 /* Foundation.framework in Frameworks */,
			);
			runOnlyForDeploymentPostprocessing = 0;
		};
		251D0CFC1377CE2300E423A4 /* Frameworks */ = {
			isa = PBXFrameworksBuildPhase;
			buildActionMask = 2147483647;
			files = (
				251D0D011377CE2300E423A4 /* UIKit.framework in Frameworks */,
				251D0D021377CE2300E423A4 /* Foundation.framework in Frameworks */,
				251D0D031377CE2300E423A4 /* CoreGraphics.framework in Frameworks */,
			);
			runOnlyForDeploymentPostprocessing = 0;
		};
/* End PBXFrameworksBuildPhase section */

/* Begin PBXGroup section */
		25079060138D33AB00B30D99 /* JSON */ = {
			isa = PBXGroup;
			children = (
				25079061138D33AB00B30D99 /* JSON.h */,
				25079062138D33AB00B30D99 /* NSObject+JSON.h */,
				25079063138D33AB00B30D99 /* NSObject+JSON.m */,
				25079064138D33AB00B30D99 /* SBJsonIncludes.h */,
				25079065138D33AB00B30D99 /* SBJsonParser.h */,
				25079066138D33AB00B30D99 /* SBJsonParser.m */,
				25079067138D33AB00B30D99 /* SBJsonStreamParser.h */,
				25079068138D33AB00B30D99 /* SBJsonStreamParser.m */,
				25079069138D33AB00B30D99 /* SBJsonStreamParserAccumulator.h */,
				2507906A138D33AB00B30D99 /* SBJsonStreamParserAccumulator.m */,
				2507906B138D33AB00B30D99 /* SBJsonStreamParserAdapter.h */,
				2507906C138D33AB00B30D99 /* SBJsonStreamParserAdapter.m */,
				2507906D138D33AB00B30D99 /* SBJsonStreamParserState.h */,
				2507906E138D33AB00B30D99 /* SBJsonStreamParserState.m */,
				2507906F138D33AB00B30D99 /* SBJsonStreamWriter.h */,
				25079070138D33AB00B30D99 /* SBJsonStreamWriter.m */,
				25079071138D33AB00B30D99 /* SBJsonStreamWriterAccumulator.h */,
				25079072138D33AB00B30D99 /* SBJsonStreamWriterAccumulator.m */,
				25079073138D33AB00B30D99 /* SBJsonStreamWriterState.h */,
				25079074138D33AB00B30D99 /* SBJsonStreamWriterState.m */,
				25079075138D33AB00B30D99 /* SBJsonTokeniser.h */,
				25079076138D33AB00B30D99 /* SBJsonTokeniser.m */,
				25079077138D33AB00B30D99 /* SBJsonWriter.h */,
				25079078138D33AB00B30D99 /* SBJsonWriter.m */,
				25079079138D33AB00B30D99 /* SBUTF8Stream.h */,
				2507907A138D33AB00B30D99 /* SBUTF8Stream.m */,
			);
			path = JSON;
			sourceTree = "<group>";
		};
		251D0CD71377CE2300E423A4 = {
			isa = PBXGroup;
			children = (
				2517DB1F138D61BD002EF157 /* MediaPlayer.framework */,
				25CF5E271378029C00343493 /* External */,
				251D0CEC1377CE2300E423A4 /* CloudImageProcessing */,
				251D0D061377CE2300E423A4 /* CloudImageProcessingTests */,
				251D0CE51377CE2300E423A4 /* Frameworks */,
				251D0CE31377CE2300E423A4 /* Products */,
			);
			sourceTree = "<group>";
		};
		251D0CE31377CE2300E423A4 /* Products */ = {
			isa = PBXGroup;
			children = (
				251D0CE21377CE2300E423A4 /* CloudImageProcessing.app */,
				251D0D001377CE2300E423A4 /* CloudImageProcessingTests.octest */,
			);
			name = Products;
			sourceTree = "<group>";
		};
		251D0CE51377CE2300E423A4 /* Frameworks */ = {
			isa = PBXGroup;
			children = (
				25CF5E97137805F800343493 /* MediaPlayer.framework */,
				25CF5E881378034700343493 /* libxml2.dylib */,
				25CF5E7E137802F400343493 /* libz.dylib */,
				25CF5E7D137802C900343493 /* CoreGraphics.framework */,
				25CF5E7B137802C200343493 /* MobileCoreServices.framework */,
				25CF5E79137802B700343493 /* SystemConfiguration.framework */,
				25CF5E77137802B000343493 /* CFNetwork.framework */,
				251D0CE61377CE2300E423A4 /* UIKit.framework */,
				251D0CE81377CE2300E423A4 /* Foundation.framework */,
				251D0CEA1377CE2300E423A4 /* CoreGraphics.framework */,
			);
			name = Frameworks;
			sourceTree = "<group>";
		};
		251D0CEC1377CE2300E423A4 /* CloudImageProcessing */ = {
			isa = PBXGroup;
			children = (
				25DB23471396F04400ACFD10 /* Performance */,
				25DB23371396E81F00ACFD10 /* Additions */,
				25CF5D761377FDBE00343493 /* Images */,
				251D0CF51377CE2300E423A4 /* CloudImageProcessingAppDelegate.h */,
				251D0CF61377CE2300E423A4 /* CloudImageProcessingAppDelegate.m */,
				251D0CF81377CE2300E423A4 /* MainWindow.xib */,
				251D0CED1377CE2300E423A4 /* Supporting Files */,
				25EBD7571377DDB000AA6F1D /* MCVideoListController.h */,
				25EBD7581377DDB000AA6F1D /* MCVideoListController.m */,
				25EBD7591377DDB000AA6F1D /* MCVideoListController.xib */,
				25EBD75E1377DDFC00AA6F1D /* MCVideoDetailsController.h */,
				25EBD75F1377DDFC00AA6F1D /* MCVideoDetailsController.m */,
				25EBD7601377DDFC00AA6F1D /* MCVideoDetailsController.xib */,
				25EBD7651377DED300AA6F1D /* MCVideoListCell.h */,
				25EBD7661377DED300AA6F1D /* MCVideoListCell.m */,
				25EBD7681377DEFF00AA6F1D /* MCVideoListCell.xib */,
				25C4641B138D08CF00753668 /* MCVideoResource.h */,
				25C4641C138D08CF00753668 /* MCVideoResource.m */,
				25C4641F138D091100753668 /* MCResourceManager.h */,
				25C46420138D091200753668 /* MCResourceManager.m */,
				25C46422138D17D100753668 /* MCAppSettings.h */,
				25C46423138D17D200753668 /* MCAppSettings.m */,
				2517DB05138D4A1E002EF157 /* MCVideoListCell2.xib */,
			);
			path = CloudImageProcessing;
			sourceTree = "<group>";
		};
		251D0CED1377CE2300E423A4 /* Supporting Files */ = {
			isa = PBXGroup;
			children = (
				25EBD76D1377E62B00AA6F1D /* DebugLog.m */,
				251D0CEE1377CE2300E423A4 /* CloudImageProcessing-Info.plist */,
				251D0CEF1377CE2300E423A4 /* InfoPlist.strings */,
				251D0CF21377CE2300E423A4 /* CloudImageProcessing-Prefix.pch */,
				251D0CF31377CE2300E423A4 /* main.m */,
			);
			name = "Supporting Files";
			sourceTree = "<group>";
		};
		251D0D061377CE2300E423A4 /* CloudImageProcessingTests */ = {
			isa = PBXGroup;
			children = (
				251D0D0D1377CE2300E423A4 /* CloudImageProcessingTests.h */,
				251D0D0F1377CE2300E423A4 /* CloudImageProcessingTests.m */,
				251D0D071377CE2300E423A4 /* Supporting Files */,
			);
			path = CloudImageProcessingTests;
			sourceTree = "<group>";
		};
		251D0D071377CE2300E423A4 /* Supporting Files */ = {
			isa = PBXGroup;
			children = (
				251D0D081377CE2300E423A4 /* CloudImageProcessingTests-Info.plist */,
				251D0D091377CE2300E423A4 /* InfoPlist.strings */,
				251D0D0C1377CE2300E423A4 /* CloudImageProcessingTests-Prefix.pch */,
			);
			name = "Supporting Files";
			sourceTree = "<group>";
		};
		25CF5D761377FDBE00343493 /* Images */ = {
			isa = PBXGroup;
			children = (
				25FDCE97139722DB007D3DA6 /* flag.png */,
				25FDCE98139722DB007D3DA6 /* flag@2x.png */,
				25DB23211396E08200ACFD10 /* alarm.png */,
				25DB23221396E08200ACFD10 /* alarm@2x.png */,
				25DB23231396E08200ACFD10 /* clock.png */,
				25DB23241396E08200ACFD10 /* clock@2x.png */,
				253CEF7D138E3F29002546A7 /* new-message-icon.png */,
				2517DB02138D4425002EF157 /* video-file-type-icon.png */,
				25391A6713780D0000F6D0F4 /* arrow_circle_left.png */,
				25391A6813780D0000F6D0F4 /* arrow_circle_left@2x.png */,
				25CF5E921378054D00343493 /* film.png */,
				25CF5E931378054D00343493 /* film@2x.png */,
				25CF5D771377FDBE00343493 /* ant-eater.jpg */,
			);
			path = Images;
			sourceTree = "<group>";
		};
		25CF5E271378029C00343493 /* External */ = {
			isa = PBXGroup;
			children = (
				25079060138D33AB00B30D99 /* JSON */,
				25CF5E281378029C00343493 /* ASIHTTP */,
				25CF5E5D1378029C00343493 /* Reachability */,
			);
			name = External;
			path = CloudImageProcessing/External;
			sourceTree = "<group>";
		};
		25CF5E281378029C00343493 /* ASIHTTP */ = {
			isa = PBXGroup;
			children = (
				25CF5E291378029C00343493 /* ASIAuthenticationDialog.h */,
				25CF5E2A1378029C00343493 /* ASIAuthenticationDialog.m */,
				25CF5E2B1378029C00343493 /* ASICacheDelegate.h */,
				25CF5E2C1378029C00343493 /* ASIDataCompressor.h */,
				25CF5E2D1378029C00343493 /* ASIDataCompressor.m */,
				25CF5E2E1378029C00343493 /* ASIDataDecompressor.h */,
				25CF5E2F1378029C00343493 /* ASIDataDecompressor.m */,
				25CF5E301378029C00343493 /* ASIDownloadCache.h */,
				25CF5E311378029C00343493 /* ASIDownloadCache.m */,
				25CF5E321378029C00343493 /* ASIFormDataRequest.h */,
				25CF5E331378029C00343493 /* ASIFormDataRequest.m */,
				25CF5E341378029C00343493 /* ASIHTTPRequest.h */,
				25CF5E351378029C00343493 /* ASIHTTPRequest.m */,
				25CF5E361378029C00343493 /* ASIHTTPRequestConfig.h */,
				25CF5E371378029C00343493 /* ASIHTTPRequestDelegate.h */,
				25CF5E381378029C00343493 /* ASIInputStream.h */,
				25CF5E391378029C00343493 /* ASIInputStream.m */,
				25CF5E3A1378029C00343493 /* ASINetworkQueue.h */,
				25CF5E3B1378029C00343493 /* ASINetworkQueue.m */,
				25CF5E3C1378029C00343493 /* ASIProgressDelegate.h */,
				25CF5E3D1378029C00343493 /* ASIWebPageRequest */,
				25CF5E401378029C00343493 /* CloudFiles */,
				25CF5E4F1378029C00343493 /* S3 */,
			);
			path = ASIHTTP;
			sourceTree = "<group>";
		};
		25CF5E3D1378029C00343493 /* ASIWebPageRequest */ = {
			isa = PBXGroup;
			children = (
				25CF5E3E1378029C00343493 /* ASIWebPageRequest.h */,
				25CF5E3F1378029C00343493 /* ASIWebPageRequest.m */,
			);
			path = ASIWebPageRequest;
			sourceTree = "<group>";
		};
		25CF5E401378029C00343493 /* CloudFiles */ = {
			isa = PBXGroup;
			children = (
				25CF5E411378029C00343493 /* ASICloudFilesCDNRequest.h */,
				25CF5E421378029C00343493 /* ASICloudFilesCDNRequest.m */,
				25CF5E431378029C00343493 /* ASICloudFilesContainer.h */,
				25CF5E441378029C00343493 /* ASICloudFilesContainer.m */,
				25CF5E451378029C00343493 /* ASICloudFilesContainerRequest.h */,
				25CF5E461378029C00343493 /* ASICloudFilesContainerRequest.m */,
				25CF5E471378029C00343493 /* ASICloudFilesContainerXMLParserDelegate.h */,
				25CF5E481378029C00343493 /* ASICloudFilesContainerXMLParserDelegate.m */,
				25CF5E491378029C00343493 /* ASICloudFilesObject.h */,
				25CF5E4A1378029C00343493 /* ASICloudFilesObject.m */,
				25CF5E4B1378029C00343493 /* ASICloudFilesObjectRequest.h */,
				25CF5E4C1378029C00343493 /* ASICloudFilesObjectRequest.m */,
				25CF5E4D1378029C00343493 /* ASICloudFilesRequest.h */,
				25CF5E4E1378029C00343493 /* ASICloudFilesRequest.m */,
			);
			path = CloudFiles;
			sourceTree = "<group>";
		};
		25CF5E4F1378029C00343493 /* S3 */ = {
			isa = PBXGroup;
			children = (
				25CF5E501378029C00343493 /* ASINSXMLParserCompat.h */,
				25CF5E511378029C00343493 /* ASIS3Bucket.h */,
				25CF5E521378029C00343493 /* ASIS3Bucket.m */,
				25CF5E531378029C00343493 /* ASIS3BucketObject.h */,
				25CF5E541378029C00343493 /* ASIS3BucketObject.m */,
				25CF5E551378029C00343493 /* ASIS3BucketRequest.h */,
				25CF5E561378029C00343493 /* ASIS3BucketRequest.m */,
				25CF5E571378029C00343493 /* ASIS3ObjectRequest.h */,
				25CF5E581378029C00343493 /* ASIS3ObjectRequest.m */,
				25CF5E591378029C00343493 /* ASIS3Request.h */,
				25CF5E5A1378029C00343493 /* ASIS3Request.m */,
				25CF5E5B1378029C00343493 /* ASIS3ServiceRequest.h */,
				25CF5E5C1378029C00343493 /* ASIS3ServiceRequest.m */,
			);
			path = S3;
			sourceTree = "<group>";
		};
		25CF5E5D1378029C00343493 /* Reachability */ = {
			isa = PBXGroup;
			children = (
				25CF5E5E1378029C00343493 /* Reachability.h */,
				25CF5E5F1378029C00343493 /* Reachability.m */,
			);
			path = Reachability;
			sourceTree = "<group>";
		};
		25DB23371396E81F00ACFD10 /* Additions */ = {
			isa = PBXGroup;
			children = (
				25DB233E1396E8D900ACFD10 /* md5.h */,
				25DB23381396E82D00ACFD10 /* NSData+Additions.h */,
				25DB23391396E82D00ACFD10 /* NSData+Additions.m */,
				25DB233A1396E82D00ACFD10 /* NSString+Additions.h */,
				25DB233B1396E82D00ACFD10 /* NSString+Additions.m */,
			);
			name = Additions;
			sourceTree = "<group>";
		};
		25DB23471396F04400ACFD10 /* Performance */ = {
			isa = PBXGroup;
			children = (
				25DB23341396E60F00ACFD10 /* MCAsyncTestTimes.h */,
				25DB23351396E60F00ACFD10 /* MCAsyncTestTimes.m */,
				25DB23311396E5C100ACFD10 /* MCTimeSynchronizer.h */,
				25DB23321396E5C100ACFD10 /* MCTimeSynchronizer.m */,
				25FDCE9313970B4F007D3DA6 /* MCTestTimesManager.h */,
				25FDCE9413970B4F007D3DA6 /* MCTestTimesManager.m */,
			);
			name = Performance;
			sourceTree = "<group>";
		};
/* End PBXGroup section */

/* Begin PBXNativeTarget section */
		251D0CE11377CE2300E423A4 /* CloudImageProcessing */ = {
			isa = PBXNativeTarget;
			buildConfigurationList = 251D0D131377CE2300E423A4 /* Build configuration list for PBXNativeTarget "CloudImageProcessing" */;
			buildPhases = (
				251D0CDE1377CE2300E423A4 /* Sources */,
				251D0CDF1377CE2300E423A4 /* Frameworks */,
				251D0CE01377CE2300E423A4 /* Resources */,
			);
			buildRules = (
			);
			dependencies = (
			);
			name = CloudImageProcessing;
			productName = CloudImageProcessing;
			productReference = 251D0CE21377CE2300E423A4 /* CloudImageProcessing.app */;
			productType = "com.apple.product-type.application";
		};
		251D0CFF1377CE2300E423A4 /* CloudImageProcessingTests */ = {
			isa = PBXNativeTarget;
			buildConfigurationList = 251D0D161377CE2300E423A4 /* Build configuration list for PBXNativeTarget "CloudImageProcessingTests" */;
			buildPhases = (
				251D0CFB1377CE2300E423A4 /* Sources */,
				251D0CFC1377CE2300E423A4 /* Frameworks */,
				251D0CFD1377CE2300E423A4 /* Resources */,
				251D0CFE1377CE2300E423A4 /* ShellScript */,
			);
			buildRules = (
			);
			dependencies = (
				251D0D051377CE2300E423A4 /* PBXTargetDependency */,
			);
			name = CloudImageProcessingTests;
			productName = CloudImageProcessingTests;
			productReference = 251D0D001377CE2300E423A4 /* CloudImageProcessingTests.octest */;
			productType = "com.apple.product-type.bundle";
		};
/* End PBXNativeTarget section */

/* Begin PBXProject section */
		251D0CD91377CE2300E423A4 /* Project object */ = {
			isa = PBXProject;
			buildConfigurationList = 251D0CDC1377CE2300E423A4 /* Build configuration list for PBXProject "CloudImageProcessing" */;
			compatibilityVersion = "Xcode 3.2";
			developmentRegion = English;
			hasScannedForEncodings = 0;
			knownRegions = (
				en,
			);
			mainGroup = 251D0CD71377CE2300E423A4;
			productRefGroup = 251D0CE31377CE2300E423A4 /* Products */;
			projectDirPath = "";
			projectRoot = "";
			targets = (
				251D0CE11377CE2300E423A4 /* CloudImageProcessing */,
				251D0CFF1377CE2300E423A4 /* CloudImageProcessingTests */,
			);
		};
/* End PBXProject section */

/* Begin PBXResourcesBuildPhase section */
		251D0CE01377CE2300E423A4 /* Resources */ = {
			isa = PBXResourcesBuildPhase;
			buildActionMask = 2147483647;
			files = (
				251D0CF11377CE2300E423A4 /* InfoPlist.strings in Resources */,
				251D0CFA1377CE2300E423A4 /* MainWindow.xib in Resources */,
				25EBD75C1377DDB000AA6F1D /* MCVideoListController.xib in Resources */,
				25EBD7621377DDFC00AA6F1D /* MCVideoDetailsController.xib in Resources */,
				25EBD7691377DEFF00AA6F1D /* MCVideoListCell.xib in Resources */,
				25CF5D781377FDBE00343493 /* ant-eater.jpg in Resources */,
				25CF5E941378054D00343493 /* film.png in Resources */,
				25CF5E951378054D00343493 /* film@2x.png in Resources */,
				25391A6913780D0000F6D0F4 /* arrow_circle_left.png in Resources */,
				25391A6A13780D0000F6D0F4 /* arrow_circle_left@2x.png in Resources */,
				2517DB03138D4425002EF157 /* video-file-type-icon.png in Resources */,
				2517DB06138D4A1E002EF157 /* MCVideoListCell2.xib in Resources */,
				253CEF7E138E3F29002546A7 /* new-message-icon.png in Resources */,
				25DB23251396E08200ACFD10 /* alarm.png in Resources */,
				25DB23261396E08200ACFD10 /* alarm@2x.png in Resources */,
				25DB23271396E08200ACFD10 /* clock.png in Resources */,
				25DB23281396E08200ACFD10 /* clock@2x.png in Resources */,
				25FDCE99139722DB007D3DA6 /* flag.png in Resources */,
				25FDCE9A139722DB007D3DA6 /* flag@2x.png in Resources */,
			);
			runOnlyForDeploymentPostprocessing = 0;
		};
		251D0CFD1377CE2300E423A4 /* Resources */ = {
			isa = PBXResourcesBuildPhase;
			buildActionMask = 2147483647;
			files = (
				251D0D0B1377CE2300E423A4 /* InfoPlist.strings in Resources */,
				251D0D0E1377CE2300E423A4 /* CloudImageProcessingTests.h in Resources */,
				25EBD75D1377DDB000AA6F1D /* MCVideoListController.xib in Resources */,
			);
			runOnlyForDeploymentPostprocessing = 0;
		};
/* End PBXResourcesBuildPhase section */

/* Begin PBXShellScriptBuildPhase section */
		251D0CFE1377CE2300E423A4 /* ShellScript */ = {
			isa = PBXShellScriptBuildPhase;
			buildActionMask = 2147483647;
			files = (
			);
			inputPaths = (
			);
			outputPaths = (
			);
			runOnlyForDeploymentPostprocessing = 0;
			shellPath = /bin/sh;
			shellScript = "# Run the unit tests in this test bundle.\n\"${SYSTEM_DEVELOPER_DIR}/Tools/RunUnitTests\"\n";
		};
/* End PBXShellScriptBuildPhase section */

/* Begin PBXSourcesBuildPhase section */
		251D0CDE1377CE2300E423A4 /* Sources */ = {
			isa = PBXSourcesBuildPhase;
			buildActionMask = 2147483647;
			files = (
				251D0CF41377CE2300E423A4 /* main.m in Sources */,
				251D0CF71377CE2300E423A4 /* CloudImageProcessingAppDelegate.m in Sources */,
				25EBD75A1377DDB000AA6F1D /* MCVideoListController.m in Sources */,
				25EBD7611377DDFC00AA6F1D /* MCVideoDetailsController.m in Sources */,
				25EBD7671377DED300AA6F1D /* MCVideoListCell.m in Sources */,
				25EBD76E1377E62B00AA6F1D /* DebugLog.m in Sources */,
				25CF5E601378029C00343493 /* ASIAuthenticationDialog.m in Sources */,
				25CF5E611378029C00343493 /* ASIDataCompressor.m in Sources */,
				25CF5E621378029C00343493 /* ASIDataDecompressor.m in Sources */,
				25CF5E631378029C00343493 /* ASIDownloadCache.m in Sources */,
				25CF5E641378029C00343493 /* ASIFormDataRequest.m in Sources */,
				25CF5E651378029C00343493 /* ASIHTTPRequest.m in Sources */,
				25CF5E661378029C00343493 /* ASIInputStream.m in Sources */,
				25CF5E671378029C00343493 /* ASINetworkQueue.m in Sources */,
				25CF5E681378029C00343493 /* ASIWebPageRequest.m in Sources */,
				25CF5E691378029C00343493 /* ASICloudFilesCDNRequest.m in Sources */,
				25CF5E6A1378029C00343493 /* ASICloudFilesContainer.m in Sources */,
				25CF5E6B1378029C00343493 /* ASICloudFilesContainerRequest.m in Sources */,
				25CF5E6C1378029C00343493 /* ASICloudFilesContainerXMLParserDelegate.m in Sources */,
				25CF5E6D1378029C00343493 /* ASICloudFilesObject.m in Sources */,
				25CF5E6E1378029C00343493 /* ASICloudFilesObjectRequest.m in Sources */,
				25CF5E6F1378029C00343493 /* ASICloudFilesRequest.m in Sources */,
				25CF5E701378029C00343493 /* ASIS3Bucket.m in Sources */,
				25CF5E711378029C00343493 /* ASIS3BucketObject.m in Sources */,
				25CF5E721378029C00343493 /* ASIS3BucketRequest.m in Sources */,
				25CF5E731378029C00343493 /* ASIS3ObjectRequest.m in Sources */,
				25CF5E741378029C00343493 /* ASIS3Request.m in Sources */,
				25CF5E751378029C00343493 /* ASIS3ServiceRequest.m in Sources */,
				25CF5E761378029C00343493 /* Reachability.m in Sources */,
				25C4641D138D08CF00753668 /* MCVideoResource.m in Sources */,
				25C46421138D091200753668 /* MCResourceManager.m in Sources */,
				25C46424138D17D200753668 /* MCAppSettings.m in Sources */,
				2507907B138D33AB00B30D99 /* NSObject+JSON.m in Sources */,
				2507907C138D33AB00B30D99 /* SBJsonParser.m in Sources */,
				2507907D138D33AB00B30D99 /* SBJsonStreamParser.m in Sources */,
				2507907E138D33AB00B30D99 /* SBJsonStreamParserAccumulator.m in Sources */,
				2507907F138D33AB00B30D99 /* SBJsonStreamParserAdapter.m in Sources */,
				25079080138D33AB00B30D99 /* SBJsonStreamParserState.m in Sources */,
				25079081138D33AB00B30D99 /* SBJsonStreamWriter.m in Sources */,
				25079082138D33AB00B30D99 /* SBJsonStreamWriterAccumulator.m in Sources */,
				25079083138D33AB00B30D99 /* SBJsonStreamWriterState.m in Sources */,
				25079084138D33AB00B30D99 /* SBJsonTokeniser.m in Sources */,
				25079085138D33AB00B30D99 /* SBJsonWriter.m in Sources */,
				25079086138D33AB00B30D99 /* SBUTF8Stream.m in Sources */,
				25DB23331396E5C200ACFD10 /* MCTimeSynchronizer.m in Sources */,
				25DB23361396E60F00ACFD10 /* MCAsyncTestTimes.m in Sources */,
				25DB233C1396E82D00ACFD10 /* NSData+Additions.m in Sources */,
				25DB233D1396E82D00ACFD10 /* NSString+Additions.m in Sources */,
				25FDCE9513970B4F007D3DA6 /* MCTestTimesManager.m in Sources */,
			);
			runOnlyForDeploymentPostprocessing = 0;
		};
		251D0CFB1377CE2300E423A4 /* Sources */ = {
			isa = PBXSourcesBuildPhase;
			buildActionMask = 2147483647;
			files = (
				251D0D101377CE2300E423A4 /* CloudImageProcessingTests.m in Sources */,
				25EBD75B1377DDB000AA6F1D /* MCVideoListController.m in Sources */,
				25EBD76F1377E62B00AA6F1D /* DebugLog.m in Sources */,
			);
			runOnlyForDeploymentPostprocessing = 0;
		};
/* End PBXSourcesBuildPhase section */

/* Begin PBXTargetDependency section */
		251D0D051377CE2300E423A4 /* PBXTargetDependency */ = {
			isa = PBXTargetDependency;
			target = 251D0CE11377CE2300E423A4 /* CloudImageProcessing */;
			targetProxy = 251D0D041377CE2300E423A4 /* PBXContainerItemProxy */;
		};
/* End PBXTargetDependency section */

/* Begin PBXVariantGroup section */
		251D0CEF1377CE2300E423A4 /* InfoPlist.strings */ = {
			isa = PBXVariantGroup;
			children = (
				251D0CF01377CE2300E423A4 /* en */,
			);
			name = InfoPlist.strings;
			sourceTree = "<group>";
		};
		251D0CF81377CE2300E423A4 /* MainWindow.xib */ = {
			isa = PBXVariantGroup;
			children = (
				251D0CF91377CE2300E423A4 /* en */,
			);
			name = MainWindow.xib;
			sourceTree = "<group>";
		};
		251D0D091377CE2300E423A4 /* InfoPlist.strings */ = {
			isa = PBXVariantGroup;
			children = (
				251D0D0A1377CE2300E423A4 /* en */,
			);
			name = InfoPlist.strings;
			sourceTree = "<group>";
		};
/* End PBXVariantGroup section */

/* Begin XCBuildConfiguration section */
		251D0D111377CE2300E423A4 /* Debug */ = {
			isa = XCBuildConfiguration;
			buildSettings = {
				ARCHS = "$(ARCHS_STANDARD_32_BIT)";
				"CODE_SIGN_IDENTITY[sdk=iphoneos*]" = "iPhone Developer";
				GCC_C_LANGUAGE_STANDARD = gnu99;
				GCC_OPTIMIZATION_LEVEL = 0;
				GCC_PREPROCESSOR_DEFINITIONS = DEBUG;
				GCC_SYMBOLS_PRIVATE_EXTERN = NO;
				GCC_VERSION = com.apple.compilers.llvmgcc42;
				GCC_WARN_ABOUT_RETURN_TYPE = YES;
				GCC_WARN_UNUSED_VARIABLE = YES;
				IPHONEOS_DEPLOYMENT_TARGET = 4.3;
				LIBRARY_SEARCH_PATHS = CloudImageProcessing/External/MD5;
				OTHER_LDFLAGS = "-lMD5";
				SDKROOT = iphoneos;
			};
			name = Debug;
		};
		251D0D121377CE2300E423A4 /* Release */ = {
			isa = XCBuildConfiguration;
			buildSettings = {
				ARCHS = "$(ARCHS_STANDARD_32_BIT)";
				"CODE_SIGN_IDENTITY[sdk=iphoneos*]" = "iPhone Developer";
				GCC_C_LANGUAGE_STANDARD = gnu99;
				GCC_VERSION = com.apple.compilers.llvmgcc42;
				GCC_WARN_ABOUT_RETURN_TYPE = YES;
				GCC_WARN_UNUSED_VARIABLE = YES;
				IPHONEOS_DEPLOYMENT_TARGET = 4.3;
				LIBRARY_SEARCH_PATHS = CloudImageProcessing/External/MD5;
				OTHER_CFLAGS = "-DNS_BLOCK_ASSERTIONS=1";
				OTHER_LDFLAGS = "-lMD5";
				SDKROOT = iphoneos;
			};
			name = Release;
		};
		251D0D141377CE2300E423A4 /* Debug */ = {
			isa = XCBuildConfiguration;
			buildSettings = {
				ALWAYS_SEARCH_USER_PATHS = NO;
				COPY_PHASE_STRIP = NO;
				GCC_DYNAMIC_NO_PIC = NO;
				GCC_PRECOMPILE_PREFIX_HEADER = YES;
				GCC_PREFIX_HEADER = "CloudImageProcessing/CloudImageProcessing-Prefix.pch";
				HEADER_SEARCH_PATHS = "$(SDKROOT)/usr/include/libxml2";
				INFOPLIST_FILE = "CloudImageProcessing/CloudImageProcessing-Info.plist";
				PRODUCT_NAME = "$(TARGET_NAME)";
				WRAPPER_EXTENSION = app;
			};
			name = Debug;
		};
		251D0D151377CE2300E423A4 /* Release */ = {
			isa = XCBuildConfiguration;
			buildSettings = {
				ALWAYS_SEARCH_USER_PATHS = NO;
				COPY_PHASE_STRIP = YES;
				GCC_PRECOMPILE_PREFIX_HEADER = YES;
				GCC_PREFIX_HEADER = "CloudImageProcessing/CloudImageProcessing-Prefix.pch";
				HEADER_SEARCH_PATHS = "$(SDKROOT)/usr/include/libxml2";
				INFOPLIST_FILE = "CloudImageProcessing/CloudImageProcessing-Info.plist";
				PRODUCT_NAME = "$(TARGET_NAME)";
				VALIDATE_PRODUCT = YES;
				WRAPPER_EXTENSION = app;
			};
			name = Release;
		};
		251D0D171377CE2300E423A4 /* Debug */ = {
			isa = XCBuildConfiguration;
			buildSettings = {
				ALWAYS_SEARCH_USER_PATHS = NO;
				BUNDLE_LOADER = "$(BUILT_PRODUCTS_DIR)/CloudImageProcessing.app/CloudImageProcessing";
				FRAMEWORK_SEARCH_PATHS = (
					"$(SDKROOT)/Developer/Library/Frameworks",
					"$(DEVELOPER_LIBRARY_DIR)/Frameworks",
				);
				GCC_PRECOMPILE_PREFIX_HEADER = YES;
				GCC_PREFIX_HEADER = "CloudImageProcessingTests/CloudImageProcessingTests-Prefix.pch";
				HEADER_SEARCH_PATHS = "$(SDKROOT)/usr/include/libxml2";
				INFOPLIST_FILE = "CloudImageProcessingTests/CloudImageProcessingTests-Info.plist";
				OTHER_LDFLAGS = (
					"-framework",
					SenTestingKit,
				);
				PRODUCT_NAME = "$(TARGET_NAME)";
				TEST_HOST = "$(BUNDLE_LOADER)";
				WRAPPER_EXTENSION = octest;
			};
			name = Debug;
		};
		251D0D181377CE2300E423A4 /* Release */ = {
			isa = XCBuildConfiguration;
			buildSettings = {
				ALWAYS_SEARCH_USER_PATHS = NO;
				BUNDLE_LOADER = "$(BUILT_PRODUCTS_DIR)/CloudImageProcessing.app/CloudImageProcessing";
				FRAMEWORK_SEARCH_PATHS = (
					"$(SDKROOT)/Developer/Library/Frameworks",
					"$(DEVELOPER_LIBRARY_DIR)/Frameworks",
				);
				GCC_PRECOMPILE_PREFIX_HEADER = YES;
				GCC_PREFIX_HEADER = "CloudImageProcessingTests/CloudImageProcessingTests-Prefix.pch";
				HEADER_SEARCH_PATHS = "$(SDKROOT)/usr/include/libxml2";
				INFOPLIST_FILE = "CloudImageProcessingTests/CloudImageProcessingTests-Info.plist";
				OTHER_LDFLAGS = (
					"-framework",
					SenTestingKit,
				);
				PRODUCT_NAME = "$(TARGET_NAME)";
				TEST_HOST = "$(BUNDLE_LOADER)";
				WRAPPER_EXTENSION = octest;
			};
			name = Release;
		};
/* End XCBuildConfiguration section */

/* Begin XCConfigurationList section */
		251D0CDC1377CE2300E423A4 /* Build configuration list for PBXProject "CloudImageProcessing" */ = {
			isa = XCConfigurationList;
			buildConfigurations = (
				251D0D111377CE2300E423A4 /* Debug */,
				251D0D121377CE2300E423A4 /* Release */,
			);
			defaultConfigurationIsVisible = 0;
			defaultConfigurationName = Release;
		};
		251D0D131377CE2300E423A4 /* Build configuration list for PBXNativeTarget "CloudImageProcessing" */ = {
			isa = XCConfigurationList;
			buildConfigurations = (
				251D0D141377CE2300E423A4 /* Debug */,
				251D0D151377CE2300E423A4 /* Release */,
			);
			defaultConfigurationIsVisible = 0;
			defaultConfigurationName = Release;
		};
		251D0D161377CE2300E423A4 /* Build configuration list for PBXNativeTarget "CloudImageProcessingTests" */ = {
			isa = XCConfigurationList;
			buildConfigurations = (
				251D0D171377CE2300E423A4 /* Debug */,
				251D0D181377CE2300E423A4 /* Release */,
			);
			defaultConfigurationIsVisible = 0;
			defaultConfigurationName = Release;
		};
/* End XCConfigurationList section */
	};
	rootObject = 251D0CD91377CE2300E423A4 /* Project object */;
}
